// !$*UTF8*$!
{
	archiveVersion = 1;
	classes = {
	};
	objectVersion = 46;
	objects = {

/* Begin PBXBuildFile section */
		2B189FDA1D21CF4700DA16D5 /* AppDelegate.swift in Sources */ = {isa = PBXBuildFile; fileRef = 2B189FD91D21CF4700DA16D5 /* AppDelegate.swift */; };
		2B189FDC1D21CF4700DA16D5 /* HomeVC.swift in Sources */ = {isa = PBXBuildFile; fileRef = 2B189FDB1D21CF4700DA16D5 /* HomeVC.swift */; };
		2B189FDF1D21CF4800DA16D5 /* Main.storyboard in Resources */ = {isa = PBXBuildFile; fileRef = 2B189FDD1D21CF4800DA16D5 /* Main.storyboard */; };
		2B189FE11D21CF4800DA16D5 /* Assets.xcassets in Resources */ = {isa = PBXBuildFile; fileRef = 2B189FE01D21CF4800DA16D5 /* Assets.xcassets */; };
		2B189FE41D21CF4800DA16D5 /* LaunchScreen.storyboard in Resources */ = {isa = PBXBuildFile; fileRef = 2B189FE21D21CF4800DA16D5 /* LaunchScreen.storyboard */; };
		2B189FF41D21D20B00DA16D5 /* AccountsVC.swift in Sources */ = {isa = PBXBuildFile; fileRef = 2B189FF31D21D20B00DA16D5 /* AccountsVC.swift */; };
		2B189FF61D21D2BD00DA16D5 /* AddAccountVC.swift in Sources */ = {isa = PBXBuildFile; fileRef = 2B189FF51D21D2BD00DA16D5 /* AddAccountVC.swift */; };
		2B189FF81D21D2F400DA16D5 /* AccountDetailVC.swift in Sources */ = {isa = PBXBuildFile; fileRef = 2B189FF71D21D2F400DA16D5 /* AccountDetailVC.swift */; };
		2B189FFA1D21D32300DA16D5 /* StoreVC.swift in Sources */ = {isa = PBXBuildFile; fileRef = 2B189FF91D21D32300DA16D5 /* StoreVC.swift */; };
		2B189FFC1D21D34400DA16D5 /* StoreDetailVC.swift in Sources */ = {isa = PBXBuildFile; fileRef = 2B189FFB1D21D34400DA16D5 /* StoreDetailVC.swift */; };
		2B189FFE1D21D35800DA16D5 /* LogVC.swift in Sources */ = {isa = PBXBuildFile; fileRef = 2B189FFD1D21D35800DA16D5 /* LogVC.swift */; };
		2B18A0011D21D3CA00DA16D5 /* Model.xcdatamodeld in Sources */ = {isa = PBXBuildFile; fileRef = 2B189FFF1D21D3CA00DA16D5 /* Model.xcdatamodeld */; };
		2B18A0071D21D61600DA16D5 /* Deposit.swift in Sources */ = {isa = PBXBuildFile; fileRef = 2B18A0031D21D61600DA16D5 /* Deposit.swift */; };
		2B18A0131D2306CC00DA16D5 /* CustomButton.swift in Sources */ = {isa = PBXBuildFile; fileRef = 2B18A0121D2306CC00DA16D5 /* CustomButton.swift */; };
		2B18A0151D2310D800DA16D5 /* CustomView.swift in Sources */ = {isa = PBXBuildFile; fileRef = 2B18A0141D2310D800DA16D5 /* CustomView.swift */; };
		2B18A0181D231FA900DA16D5 /* StoreItem+CoreDataProperties.swift in Sources */ = {isa = PBXBuildFile; fileRef = 2B18A0161D231FA900DA16D5 /* StoreItem+CoreDataProperties.swift */; };
		2B18A0191D231FA900DA16D5 /* StoreItem.swift in Sources */ = {isa = PBXBuildFile; fileRef = 2B18A0171D231FA900DA16D5 /* StoreItem.swift */; };
		2B18A01B1D2330BB00DA16D5 /* InfoVC.swift in Sources */ = {isa = PBXBuildFile; fileRef = 2B18A01A1D2330BB00DA16D5 /* InfoVC.swift */; };
		2B18A0201D2343AF00DA16D5 /* Bank+CoreDataProperties.swift in Sources */ = {isa = PBXBuildFile; fileRef = 2B18A01C1D2343AF00DA16D5 /* Bank+CoreDataProperties.swift */; };
		2B18A0211D2343AF00DA16D5 /* Bank.swift in Sources */ = {isa = PBXBuildFile; fileRef = 2B18A01D1D2343AF00DA16D5 /* Bank.swift */; };
		2B18A0231D2343AF00DA16D5 /* Account.swift in Sources */ = {isa = PBXBuildFile; fileRef = 2B18A01F1D2343AF00DA16D5 /* Account.swift */; };
		2B18A0251D23440C00DA16D5 /* CoreDataStack.swift in Sources */ = {isa = PBXBuildFile; fileRef = 2B18A0241D23440C00DA16D5 /* CoreDataStack.swift */; };
		2B18A0271D23456500DA16D5 /* AccountCell.swift in Sources */ = {isa = PBXBuildFile; fileRef = 2B18A0261D23456500DA16D5 /* AccountCell.swift */; };
		2B18A0291D23457500DA16D5 /* LogCell.swift in Sources */ = {isa = PBXBuildFile; fileRef = 2B18A0281D23457500DA16D5 /* LogCell.swift */; };
		2B18A02B1D23459000DA16D5 /* ItemCell.swift in Sources */ = {isa = PBXBuildFile; fileRef = 2B18A02A1D23459000DA16D5 /* ItemCell.swift */; };
		2B18A02D1D23560200DA16D5 /* Constants.swift in Sources */ = {isa = PBXBuildFile; fileRef = 2B18A02C1D23560200DA16D5 /* Constants.swift */; };
		2B18A02F1D24C81600DA16D5 /* Deposit+CoreDataProperties.swift in Sources */ = {isa = PBXBuildFile; fileRef = 2B18A02E1D24C81600DA16D5 /* Deposit+CoreDataProperties.swift */; };
		2B18A0311D25837500DA16D5 /* PopUpVC.swift in Sources */ = {isa = PBXBuildFile; fileRef = 2B18A0301D25837500DA16D5 /* PopUpVC.swift */; };
		2B18A0331D25A0B200DA16D5 /* QuotesClient.swift in Sources */ = {isa = PBXBuildFile; fileRef = 2B18A0321D25A0B200DA16D5 /* QuotesClient.swift */; };
		2B18A0351D25A24300DA16D5 /* QuotesConstants.swift in Sources */ = {isa = PBXBuildFile; fileRef = 2B18A0341D25A24300DA16D5 /* QuotesConstants.swift */; };
		2B18A0371D25B4E200DA16D5 /* AnimationEngine.swift in Sources */ = {isa = PBXBuildFile; fileRef = 2B18A0361D25B4E200DA16D5 /* AnimationEngine.swift */; };
		2B18A03E1D25EAE000DA16D5 /* Interface.storyboard in Resources */ = {isa = PBXBuildFile; fileRef = 2B18A03C1D25EAE000DA16D5 /* Interface.storyboard */; };
		2B18A0401D25EAE000DA16D5 /* Assets.xcassets in Resources */ = {isa = PBXBuildFile; fileRef = 2B18A03F1D25EAE000DA16D5 /* Assets.xcassets */; };
		2B18A0471D25EAE000DA16D5 /* Watch Extension.appex in Embed App Extensions */ = {isa = PBXBuildFile; fileRef = 2B18A0461D25EAE000DA16D5 /* Watch Extension.appex */; settings = {ATTRIBUTES = (RemoveHeadersOnCopy, ); }; };
		2B18A04E1D25EAE000DA16D5 /* ExtensionDelegate.swift in Sources */ = {isa = PBXBuildFile; fileRef = 2B18A04D1D25EAE000DA16D5 /* ExtensionDelegate.swift */; };
		2B18A0501D25EAE000DA16D5 /* Assets.xcassets in Resources */ = {isa = PBXBuildFile; fileRef = 2B18A04F1D25EAE000DA16D5 /* Assets.xcassets */; };
		2B18A0541D25EAE000DA16D5 /* Watch.app in Embed Watch Content */ = {isa = PBXBuildFile; fileRef = 2B18A03A1D25EADF00DA16D5 /* Watch.app */; };
		2B18A05E1D260CBE00DA16D5 /* AccountsIC.swift in Sources */ = {isa = PBXBuildFile; fileRef = 2B18A05D1D260CBE00DA16D5 /* AccountsIC.swift */; };
		2B18A0601D260CD600DA16D5 /* TimerIC.swift in Sources */ = {isa = PBXBuildFile; fileRef = 2B18A05F1D260CD600DA16D5 /* TimerIC.swift */; };
		2B18A0641D260D6300DA16D5 /* AccountRowController.swift in Sources */ = {isa = PBXBuildFile; fileRef = 2B18A0631D260D6300DA16D5 /* AccountRowController.swift */; };
		2B18A0711D26BCAC00DA16D5 /* Account.swift in Sources */ = {isa = PBXBuildFile; fileRef = 2B18A0701D26BCAC00DA16D5 /* Account.swift */; };
		2B18A0751D26BFD200DA16D5 /* Account+CoreDataProperties.swift in Sources */ = {isa = PBXBuildFile; fileRef = 2B18A0741D26BFD200DA16D5 /* Account+CoreDataProperties.swift */; };
		2B18A0761D26D18700DA16D5 /* Constants.swift in Sources */ = {isa = PBXBuildFile; fileRef = 2B18A02C1D23560200DA16D5 /* Constants.swift */; };
		2B18A07A1D2712CF00DA16D5 /* SharingService.swift in Sources */ = {isa = PBXBuildFile; fileRef = 2B18A0791D2712CF00DA16D5 /* SharingService.swift */; };
		D3731E82B591842B511CB001 /* Pods_Ten_Grand.framework in Frameworks */ = {isa = PBXBuildFile; fileRef = 9E0741D7AF5355D10AA344C5 /* Pods_Ten_Grand.framework */; };
/* End PBXBuildFile section */

/* Begin PBXContainerItemProxy section */
		2B18A0481D25EAE000DA16D5 /* PBXContainerItemProxy */ = {
			isa = PBXContainerItemProxy;
			containerPortal = 2B189FCE1D21CF4600DA16D5 /* Project object */;
			proxyType = 1;
			remoteGlobalIDString = 2B18A0451D25EAE000DA16D5;
			remoteInfo = "Watch Extension";
		};
		2B18A0521D25EAE000DA16D5 /* PBXContainerItemProxy */ = {
			isa = PBXContainerItemProxy;
			containerPortal = 2B189FCE1D21CF4600DA16D5 /* Project object */;
			proxyType = 1;
			remoteGlobalIDString = 2B18A0391D25EADF00DA16D5;
			remoteInfo = Watch;
		};
/* End PBXContainerItemProxy section */

/* Begin PBXCopyFilesBuildPhase section */
		2B18A0581D25EAE000DA16D5 /* Embed App Extensions */ = {
			isa = PBXCopyFilesBuildPhase;
			buildActionMask = 2147483647;
			dstPath = "";
			dstSubfolderSpec = 13;
			files = (
				2B18A0471D25EAE000DA16D5 /* Watch Extension.appex in Embed App Extensions */,
			);
			name = "Embed App Extensions";
			runOnlyForDeploymentPostprocessing = 0;
		};
		2B18A05C1D25EAE000DA16D5 /* Embed Watch Content */ = {
			isa = PBXCopyFilesBuildPhase;
			buildActionMask = 2147483647;
			dstPath = "$(CONTENTS_FOLDER_PATH)/Watch";
			dstSubfolderSpec = 16;
			files = (
				2B18A0541D25EAE000DA16D5 /* Watch.app in Embed Watch Content */,
			);
			name = "Embed Watch Content";
			runOnlyForDeploymentPostprocessing = 0;
		};
/* End PBXCopyFilesBuildPhase section */

/* Begin PBXFileReference section */
		2B189FD61D21CF4700DA16D5 /* Ten Grand.app */ = {isa = PBXFileReference; explicitFileType = wrapper.application; includeInIndex = 0; path = "Ten Grand.app"; sourceTree = BUILT_PRODUCTS_DIR; };
		2B189FD91D21CF4700DA16D5 /* AppDelegate.swift */ = {isa = PBXFileReference; lastKnownFileType = sourcecode.swift; path = AppDelegate.swift; sourceTree = "<group>"; };
		2B189FDB1D21CF4700DA16D5 /* HomeVC.swift */ = {isa = PBXFileReference; lastKnownFileType = sourcecode.swift; path = HomeVC.swift; sourceTree = "<group>"; };
		2B189FDE1D21CF4800DA16D5 /* Base */ = {isa = PBXFileReference; lastKnownFileType = file.storyboard; name = Base; path = Base.lproj/Main.storyboard; sourceTree = "<group>"; };
		2B189FE01D21CF4800DA16D5 /* Assets.xcassets */ = {isa = PBXFileReference; lastKnownFileType = folder.assetcatalog; path = Assets.xcassets; sourceTree = "<group>"; };
		2B189FE31D21CF4800DA16D5 /* Base */ = {isa = PBXFileReference; lastKnownFileType = file.storyboard; name = Base; path = Base.lproj/LaunchScreen.storyboard; sourceTree = "<group>"; };
		2B189FE51D21CF4800DA16D5 /* Info.plist */ = {isa = PBXFileReference; lastKnownFileType = text.plist.xml; path = Info.plist; sourceTree = "<group>"; };
		2B189FF31D21D20B00DA16D5 /* AccountsVC.swift */ = {isa = PBXFileReference; fileEncoding = 4; lastKnownFileType = sourcecode.swift; path = AccountsVC.swift; sourceTree = "<group>"; };
		2B189FF51D21D2BD00DA16D5 /* AddAccountVC.swift */ = {isa = PBXFileReference; fileEncoding = 4; lastKnownFileType = sourcecode.swift; path = AddAccountVC.swift; sourceTree = "<group>"; };
		2B189FF71D21D2F400DA16D5 /* AccountDetailVC.swift */ = {isa = PBXFileReference; fileEncoding = 4; lastKnownFileType = sourcecode.swift; path = AccountDetailVC.swift; sourceTree = "<group>"; };
		2B189FF91D21D32300DA16D5 /* StoreVC.swift */ = {isa = PBXFileReference; fileEncoding = 4; lastKnownFileType = sourcecode.swift; path = StoreVC.swift; sourceTree = "<group>"; };
		2B189FFB1D21D34400DA16D5 /* StoreDetailVC.swift */ = {isa = PBXFileReference; fileEncoding = 4; lastKnownFileType = sourcecode.swift; path = StoreDetailVC.swift; sourceTree = "<group>"; };
		2B189FFD1D21D35800DA16D5 /* LogVC.swift */ = {isa = PBXFileReference; fileEncoding = 4; lastKnownFileType = sourcecode.swift; path = LogVC.swift; sourceTree = "<group>"; };
		2B18A0001D21D3CA00DA16D5 /* Model.xcdatamodel */ = {isa = PBXFileReference; lastKnownFileType = wrapper.xcdatamodel; path = Model.xcdatamodel; sourceTree = "<group>"; };
		2B18A0031D21D61600DA16D5 /* Deposit.swift */ = {isa = PBXFileReference; fileEncoding = 4; lastKnownFileType = sourcecode.swift; name = Deposit.swift; path = ../Deposit.swift; sourceTree = "<group>"; };
		2B18A0121D2306CC00DA16D5 /* CustomButton.swift */ = {isa = PBXFileReference; fileEncoding = 4; lastKnownFileType = sourcecode.swift; path = CustomButton.swift; sourceTree = "<group>"; };
		2B18A0141D2310D800DA16D5 /* CustomView.swift */ = {isa = PBXFileReference; fileEncoding = 4; lastKnownFileType = sourcecode.swift; path = CustomView.swift; sourceTree = "<group>"; };
		2B18A0161D231FA900DA16D5 /* StoreItem+CoreDataProperties.swift */ = {isa = PBXFileReference; fileEncoding = 4; lastKnownFileType = sourcecode.swift; name = "StoreItem+CoreDataProperties.swift"; path = "../StoreItem+CoreDataProperties.swift"; sourceTree = "<group>"; };
		2B18A0171D231FA900DA16D5 /* StoreItem.swift */ = {isa = PBXFileReference; fileEncoding = 4; lastKnownFileType = sourcecode.swift; name = StoreItem.swift; path = ../StoreItem.swift; sourceTree = "<group>"; };
		2B18A01A1D2330BB00DA16D5 /* InfoVC.swift */ = {isa = PBXFileReference; fileEncoding = 4; lastKnownFileType = sourcecode.swift; path = InfoVC.swift; sourceTree = "<group>"; };
		2B18A01C1D2343AF00DA16D5 /* Bank+CoreDataProperties.swift */ = {isa = PBXFileReference; fileEncoding = 4; lastKnownFileType = sourcecode.swift; name = "Bank+CoreDataProperties.swift"; path = "../Bank+CoreDataProperties.swift"; sourceTree = "<group>"; };
		2B18A01D1D2343AF00DA16D5 /* Bank.swift */ = {isa = PBXFileReference; fileEncoding = 4; lastKnownFileType = sourcecode.swift; name = Bank.swift; path = ../Bank.swift; sourceTree = "<group>"; };
		2B18A01F1D2343AF00DA16D5 /* Account.swift */ = {isa = PBXFileReference; fileEncoding = 4; lastKnownFileType = sourcecode.swift; name = Account.swift; path = ../Account.swift; sourceTree = "<group>"; };
		2B18A0241D23440C00DA16D5 /* CoreDataStack.swift */ = {isa = PBXFileReference; fileEncoding = 4; lastKnownFileType = sourcecode.swift; path = CoreDataStack.swift; sourceTree = "<group>"; };
		2B18A0261D23456500DA16D5 /* AccountCell.swift */ = {isa = PBXFileReference; fileEncoding = 4; lastKnownFileType = sourcecode.swift; path = AccountCell.swift; sourceTree = "<group>"; };
		2B18A0281D23457500DA16D5 /* LogCell.swift */ = {isa = PBXFileReference; fileEncoding = 4; lastKnownFileType = sourcecode.swift; path = LogCell.swift; sourceTree = "<group>"; };
		2B18A02A1D23459000DA16D5 /* ItemCell.swift */ = {isa = PBXFileReference; fileEncoding = 4; lastKnownFileType = sourcecode.swift; path = ItemCell.swift; sourceTree = "<group>"; };
		2B18A02C1D23560200DA16D5 /* Constants.swift */ = {isa = PBXFileReference; fileEncoding = 4; lastKnownFileType = sourcecode.swift; name = Constants.swift; path = "Ten Grand/Constants.swift"; sourceTree = "<group>"; };
		2B18A02E1D24C81600DA16D5 /* Deposit+CoreDataProperties.swift */ = {isa = PBXFileReference; fileEncoding = 4; lastKnownFileType = sourcecode.swift; name = "Deposit+CoreDataProperties.swift"; path = "../Deposit+CoreDataProperties.swift"; sourceTree = "<group>"; };
		2B18A0301D25837500DA16D5 /* PopUpVC.swift */ = {isa = PBXFileReference; fileEncoding = 4; lastKnownFileType = sourcecode.swift; path = PopUpVC.swift; sourceTree = "<group>"; };
		2B18A0321D25A0B200DA16D5 /* QuotesClient.swift */ = {isa = PBXFileReference; fileEncoding = 4; lastKnownFileType = sourcecode.swift; path = QuotesClient.swift; sourceTree = "<group>"; };
		2B18A0341D25A24300DA16D5 /* QuotesConstants.swift */ = {isa = PBXFileReference; fileEncoding = 4; lastKnownFileType = sourcecode.swift; path = QuotesConstants.swift; sourceTree = "<group>"; };
		2B18A0361D25B4E200DA16D5 /* AnimationEngine.swift */ = {isa = PBXFileReference; fileEncoding = 4; lastKnownFileType = sourcecode.swift; path = AnimationEngine.swift; sourceTree = "<group>"; };
		2B18A03A1D25EADF00DA16D5 /* Watch.app */ = {isa = PBXFileReference; explicitFileType = wrapper.application; includeInIndex = 0; path = Watch.app; sourceTree = BUILT_PRODUCTS_DIR; };
		2B18A03D1D25EAE000DA16D5 /* Base */ = {isa = PBXFileReference; lastKnownFileType = file.storyboard; name = Base; path = Base.lproj/Interface.storyboard; sourceTree = "<group>"; };
		2B18A03F1D25EAE000DA16D5 /* Assets.xcassets */ = {isa = PBXFileReference; lastKnownFileType = folder.assetcatalog; path = Assets.xcassets; sourceTree = "<group>"; };
		2B18A0411D25EAE000DA16D5 /* Info.plist */ = {isa = PBXFileReference; lastKnownFileType = text.plist.xml; path = Info.plist; sourceTree = "<group>"; };
		2B18A0461D25EAE000DA16D5 /* Watch Extension.appex */ = {isa = PBXFileReference; explicitFileType = "wrapper.app-extension"; includeInIndex = 0; path = "Watch Extension.appex"; sourceTree = BUILT_PRODUCTS_DIR; };
		2B18A04D1D25EAE000DA16D5 /* ExtensionDelegate.swift */ = {isa = PBXFileReference; lastKnownFileType = sourcecode.swift; path = ExtensionDelegate.swift; sourceTree = "<group>"; };
		2B18A04F1D25EAE000DA16D5 /* Assets.xcassets */ = {isa = PBXFileReference; lastKnownFileType = folder.assetcatalog; path = Assets.xcassets; sourceTree = "<group>"; };
		2B18A0511D25EAE000DA16D5 /* Info.plist */ = {isa = PBXFileReference; lastKnownFileType = text.plist.xml; path = Info.plist; sourceTree = "<group>"; };
		2B18A05D1D260CBE00DA16D5 /* AccountsIC.swift */ = {isa = PBXFileReference; fileEncoding = 4; lastKnownFileType = sourcecode.swift; path = AccountsIC.swift; sourceTree = "<group>"; };
		2B18A05F1D260CD600DA16D5 /* TimerIC.swift */ = {isa = PBXFileReference; fileEncoding = 4; lastKnownFileType = sourcecode.swift; path = TimerIC.swift; sourceTree = "<group>"; };
		2B18A0631D260D6300DA16D5 /* AccountRowController.swift */ = {isa = PBXFileReference; fileEncoding = 4; lastKnownFileType = sourcecode.swift; path = AccountRowController.swift; sourceTree = "<group>"; };
		2B18A0701D26BCAC00DA16D5 /* Account.swift */ = {isa = PBXFileReference; fileEncoding = 4; lastKnownFileType = sourcecode.swift; path = Account.swift; sourceTree = "<group>"; };
		2B18A0741D26BFD200DA16D5 /* Account+CoreDataProperties.swift */ = {isa = PBXFileReference; fileEncoding = 4; lastKnownFileType = sourcecode.swift; path = "Account+CoreDataProperties.swift"; sourceTree = "<group>"; };
		2B18A0791D2712CF00DA16D5 /* SharingService.swift */ = {isa = PBXFileReference; fileEncoding = 4; lastKnownFileType = sourcecode.swift; path = SharingService.swift; sourceTree = "<group>"; };
		6B9D0F8351DAA92A49661615 /* Pods-Ten Grand.release.xcconfig */ = {isa = PBXFileReference; includeInIndex = 1; lastKnownFileType = text.xcconfig; name = "Pods-Ten Grand.release.xcconfig"; path = "Pods/Target Support Files/Pods-Ten Grand/Pods-Ten Grand.release.xcconfig"; sourceTree = "<group>"; };
		9E0741D7AF5355D10AA344C5 /* Pods_Ten_Grand.framework */ = {isa = PBXFileReference; explicitFileType = wrapper.framework; includeInIndex = 0; path = Pods_Ten_Grand.framework; sourceTree = BUILT_PRODUCTS_DIR; };
		AE25B7AD0D085831B6821D56 /* Pods-Ten Grand.debug.xcconfig */ = {isa = PBXFileReference; includeInIndex = 1; lastKnownFileType = text.xcconfig; name = "Pods-Ten Grand.debug.xcconfig"; path = "Pods/Target Support Files/Pods-Ten Grand/Pods-Ten Grand.debug.xcconfig"; sourceTree = "<group>"; };
/* End PBXFileReference section */

/* Begin PBXFrameworksBuildPhase section */
		2B189FD31D21CF4700DA16D5 /* Frameworks */ = {
			isa = PBXFrameworksBuildPhase;
			buildActionMask = 2147483647;
			files = (
				D3731E82B591842B511CB001 /* Pods_Ten_Grand.framework in Frameworks */,
			);
			runOnlyForDeploymentPostprocessing = 0;
		};
		2B18A0431D25EAE000DA16D5 /* Frameworks */ = {
			isa = PBXFrameworksBuildPhase;
			buildActionMask = 2147483647;
			files = (
			);
			runOnlyForDeploymentPostprocessing = 0;
		};
/* End PBXFrameworksBuildPhase section */

/* Begin PBXGroup section */
		2B189FCD1D21CF4600DA16D5 = {
			isa = PBXGroup;
			children = (
				2B189FD81D21CF4700DA16D5 /* Ten Grand */,
				2B18A0771D26D19700DA16D5 /* Shared */,
				2B18A03B1D25EAE000DA16D5 /* Watch */,
				2B18A04A1D25EAE000DA16D5 /* Watch Extension */,
				2B189FD71D21CF4700DA16D5 /* Products */,
				90139305990A5F620ABE014F /* Pods */,
				FDA89ACFD02D341A5C323FC6 /* Frameworks */,
			);
			sourceTree = "<group>";
		};
		2B189FD71D21CF4700DA16D5 /* Products */ = {
			isa = PBXGroup;
			children = (
				2B189FD61D21CF4700DA16D5 /* Ten Grand.app */,
				2B18A03A1D25EADF00DA16D5 /* Watch.app */,
				2B18A0461D25EAE000DA16D5 /* Watch Extension.appex */,
			);
			name = Products;
			sourceTree = "<group>";
		};
		2B189FD81D21CF4700DA16D5 /* Ten Grand */ = {
			isa = PBXGroup;
			children = (
				2B189FEE1D21D0FD00DA16D5 /* Model */,
				2B189FEF1D21D10200DA16D5 /* View */,
				2B189FF01D21D10700DA16D5 /* Controller */,
				2B189FEB1D21D0DB00DA16D5 /* Assets */,
				2B189FEC1D21D0E800DA16D5 /* Supporting Files */,
			);
			path = "Ten Grand";
			sourceTree = "<group>";
		};
		2B189FEB1D21D0DB00DA16D5 /* Assets */ = {
			isa = PBXGroup;
			children = (
				2B189FDD1D21CF4800DA16D5 /* Main.storyboard */,
				2B189FE21D21CF4800DA16D5 /* LaunchScreen.storyboard */,
				2B189FE01D21CF4800DA16D5 /* Assets.xcassets */,
			);
			name = Assets;
			sourceTree = "<group>";
		};
		2B189FEC1D21D0E800DA16D5 /* Supporting Files */ = {
			isa = PBXGroup;
			children = (
				2B18A0241D23440C00DA16D5 /* CoreDataStack.swift */,
				2B189FD91D21CF4700DA16D5 /* AppDelegate.swift */,
				2B189FE51D21CF4800DA16D5 /* Info.plist */,
				2B189FFF1D21D3CA00DA16D5 /* Model.xcdatamodeld */,
			);
			name = "Supporting Files";
			sourceTree = "<group>";
		};
		2B189FEE1D21D0FD00DA16D5 /* Model */ = {
			isa = PBXGroup;
			children = (
				2B18A00B1D21D63B00DA16D5 /* Client */,
				2B18A01D1D2343AF00DA16D5 /* Bank.swift */,
				2B18A01F1D2343AF00DA16D5 /* Account.swift */,
				2B18A0031D21D61600DA16D5 /* Deposit.swift */,
				2B18A0171D231FA900DA16D5 /* StoreItem.swift */,
				2B18A00A1D21D62000DA16D5 /* Generated */,
			);
			name = Model;
			sourceTree = "<group>";
		};
		2B189FEF1D21D10200DA16D5 /* View */ = {
			isa = PBXGroup;
			children = (
				2B18A0261D23456500DA16D5 /* AccountCell.swift */,
				2B18A02A1D23459000DA16D5 /* ItemCell.swift */,
				2B18A0281D23457500DA16D5 /* LogCell.swift */,
				2B18A0121D2306CC00DA16D5 /* CustomButton.swift */,
				2B18A0141D2310D800DA16D5 /* CustomView.swift */,
				2B18A0361D25B4E200DA16D5 /* AnimationEngine.swift */,
			);
			name = View;
			sourceTree = "<group>";
		};
		2B189FF01D21D10700DA16D5 /* Controller */ = {
			isa = PBXGroup;
			children = (
				2B189FDB1D21CF4700DA16D5 /* HomeVC.swift */,
				2B18A0301D25837500DA16D5 /* PopUpVC.swift */,
				2B189FF31D21D20B00DA16D5 /* AccountsVC.swift */,
				2B189FF51D21D2BD00DA16D5 /* AddAccountVC.swift */,
				2B189FF71D21D2F400DA16D5 /* AccountDetailVC.swift */,
				2B189FFD1D21D35800DA16D5 /* LogVC.swift */,
				2B189FF91D21D32300DA16D5 /* StoreVC.swift */,
				2B189FFB1D21D34400DA16D5 /* StoreDetailVC.swift */,
				2B18A01A1D2330BB00DA16D5 /* InfoVC.swift */,
			);
			name = Controller;
			sourceTree = "<group>";
		};
		2B18A00A1D21D62000DA16D5 /* Generated */ = {
			isa = PBXGroup;
			children = (
				2B18A01C1D2343AF00DA16D5 /* Bank+CoreDataProperties.swift */,
				2B18A0741D26BFD200DA16D5 /* Account+CoreDataProperties.swift */,
				2B18A02E1D24C81600DA16D5 /* Deposit+CoreDataProperties.swift */,
				2B18A0161D231FA900DA16D5 /* StoreItem+CoreDataProperties.swift */,
			);
			name = Generated;
			sourceTree = "<group>";
		};
		2B18A00B1D21D63B00DA16D5 /* Client */ = {
			isa = PBXGroup;
			children = (
				2B18A0321D25A0B200DA16D5 /* QuotesClient.swift */,
				2B18A0341D25A24300DA16D5 /* QuotesConstants.swift */,
			);
			name = Client;
			sourceTree = "<group>";
		};
		2B18A03B1D25EAE000DA16D5 /* Watch */ = {
			isa = PBXGroup;
			children = (
				2B18A03C1D25EAE000DA16D5 /* Interface.storyboard */,
				2B18A03F1D25EAE000DA16D5 /* Assets.xcassets */,
				2B18A0411D25EAE000DA16D5 /* Info.plist */,
			);
			path = Watch;
			sourceTree = "<group>";
		};
		2B18A04A1D25EAE000DA16D5 /* Watch Extension */ = {
			isa = PBXGroup;
			children = (
				2B18A06D1D26BC5900DA16D5 /* Model */,
				2B18A06F1D26BC7200DA16D5 /* View */,
				2B18A06E1D26BC5F00DA16D5 /* Controller */,
				2B18A0781D26EB1E00DA16D5 /* Supporting Files */,
			);
			path = "Watch Extension";
			sourceTree = "<group>";
		};
		2B18A06D1D26BC5900DA16D5 /* Model */ = {
			isa = PBXGroup;
			children = (
				2B18A0791D2712CF00DA16D5 /* SharingService.swift */,
				2B18A0701D26BCAC00DA16D5 /* Account.swift */,
			);
			name = Model;
			sourceTree = "<group>";
		};
		2B18A06E1D26BC5F00DA16D5 /* Controller */ = {
			isa = PBXGroup;
			children = (
				2B18A05D1D260CBE00DA16D5 /* AccountsIC.swift */,
				2B18A05F1D260CD600DA16D5 /* TimerIC.swift */,
			);
			name = Controller;
			sourceTree = "<group>";
		};
		2B18A06F1D26BC7200DA16D5 /* View */ = {
			isa = PBXGroup;
			children = (
				2B18A0631D260D6300DA16D5 /* AccountRowController.swift */,
			);
			name = View;
			sourceTree = "<group>";
		};
		2B18A0771D26D19700DA16D5 /* Shared */ = {
			isa = PBXGroup;
			children = (
				2B18A02C1D23560200DA16D5 /* Constants.swift */,
			);
			name = Shared;
			sourceTree = "<group>";
		};
		2B18A0781D26EB1E00DA16D5 /* Supporting Files */ = {
			isa = PBXGroup;
			children = (
				2B18A04D1D25EAE000DA16D5 /* ExtensionDelegate.swift */,
				2B18A04F1D25EAE000DA16D5 /* Assets.xcassets */,
				2B18A0511D25EAE000DA16D5 /* Info.plist */,
			);
			name = "Supporting Files";
			sourceTree = "<group>";
		};
		90139305990A5F620ABE014F /* Pods */ = {
			isa = PBXGroup;
			children = (
				AE25B7AD0D085831B6821D56 /* Pods-Ten Grand.debug.xcconfig */,
				6B9D0F8351DAA92A49661615 /* Pods-Ten Grand.release.xcconfig */,
			);
			name = Pods;
			sourceTree = "<group>";
		};
		FDA89ACFD02D341A5C323FC6 /* Frameworks */ = {
			isa = PBXGroup;
			children = (
				9E0741D7AF5355D10AA344C5 /* Pods_Ten_Grand.framework */,
			);
			name = Frameworks;
			sourceTree = "<group>";
		};
/* End PBXGroup section */

/* Begin PBXNativeTarget section */
		2B189FD51D21CF4700DA16D5 /* Ten Grand */ = {
			isa = PBXNativeTarget;
			buildConfigurationList = 2B189FE81D21CF4800DA16D5 /* Build configuration list for PBXNativeTarget "Ten Grand" */;
			buildPhases = (
				4865DC2687F271424822E237 /* [CP] Check Pods Manifest.lock */,
				2B189FD21D21CF4700DA16D5 /* Sources */,
				2B189FD31D21CF4700DA16D5 /* Frameworks */,
				2B189FD41D21CF4700DA16D5 /* Resources */,
				37A784976FA9A166DCA2D297 /* [CP] Embed Pods Frameworks */,
				1CCF5DF714B09B41F6D7690A /* [CP] Copy Pods Resources */,
				2B18A05C1D25EAE000DA16D5 /* Embed Watch Content */,
			);
			buildRules = (
			);
			dependencies = (
				2B18A0531D25EAE000DA16D5 /* PBXTargetDependency */,
			);
			name = "Ten Grand";
			productName = "Ten Grand";
			productReference = 2B189FD61D21CF4700DA16D5 /* Ten Grand.app */;
			productType = "com.apple.product-type.application";
		};
		2B18A0391D25EADF00DA16D5 /* Watch */ = {
			isa = PBXNativeTarget;
			buildConfigurationList = 2B18A0591D25EAE000DA16D5 /* Build configuration list for PBXNativeTarget "Watch" */;
			buildPhases = (
				2B18A0381D25EADF00DA16D5 /* Resources */,
				2B18A0581D25EAE000DA16D5 /* Embed App Extensions */,
			);
			buildRules = (
			);
			dependencies = (
				2B18A0491D25EAE000DA16D5 /* PBXTargetDependency */,
			);
			name = Watch;
			productName = Watch;
			productReference = 2B18A03A1D25EADF00DA16D5 /* Watch.app */;
			productType = "com.apple.product-type.application.watchapp2";
		};
		2B18A0451D25EAE000DA16D5 /* Watch Extension */ = {
			isa = PBXNativeTarget;
			buildConfigurationList = 2B18A0551D25EAE000DA16D5 /* Build configuration list for PBXNativeTarget "Watch Extension" */;
			buildPhases = (
				2B18A0421D25EAE000DA16D5 /* Sources */,
				2B18A0431D25EAE000DA16D5 /* Frameworks */,
				2B18A0441D25EAE000DA16D5 /* Resources */,
			);
			buildRules = (
			);
			dependencies = (
			);
			name = "Watch Extension";
			productName = "Watch Extension";
			productReference = 2B18A0461D25EAE000DA16D5 /* Watch Extension.appex */;
			productType = "com.apple.product-type.watchkit2-extension";
		};
/* End PBXNativeTarget section */

/* Begin PBXProject section */
		2B189FCE1D21CF4600DA16D5 /* Project object */ = {
			isa = PBXProject;
			attributes = {
				LastSwiftUpdateCheck = 0730;
				LastUpgradeCheck = 0730;
				ORGANIZATIONNAME = "James Dyer";
				TargetAttributes = {
					2B189FD51D21CF4700DA16D5 = {
						CreatedOnToolsVersion = 7.3.1;
					};
					2B18A0391D25EADF00DA16D5 = {
						CreatedOnToolsVersion = 7.3.1;
					};
					2B18A0451D25EAE000DA16D5 = {
						CreatedOnToolsVersion = 7.3.1;
						DevelopmentTeam = D6HFQ75KS5;
					};
				};
			};
			buildConfigurationList = 2B189FD11D21CF4600DA16D5 /* Build configuration list for PBXProject "Ten Grand" */;
			compatibilityVersion = "Xcode 3.2";
			developmentRegion = English;
			hasScannedForEncodings = 0;
			knownRegions = (
				en,
				Base,
			);
			mainGroup = 2B189FCD1D21CF4600DA16D5;
			productRefGroup = 2B189FD71D21CF4700DA16D5 /* Products */;
			projectDirPath = "";
			projectRoot = "";
			targets = (
				2B189FD51D21CF4700DA16D5 /* Ten Grand */,
				2B18A0391D25EADF00DA16D5 /* Watch */,
				2B18A0451D25EAE000DA16D5 /* Watch Extension */,
			);
		};
/* End PBXProject section */

/* Begin PBXResourcesBuildPhase section */
		2B189FD41D21CF4700DA16D5 /* Resources */ = {
			isa = PBXResourcesBuildPhase;
			buildActionMask = 2147483647;
			files = (
				2B189FE41D21CF4800DA16D5 /* LaunchScreen.storyboard in Resources */,
				2B189FE11D21CF4800DA16D5 /* Assets.xcassets in Resources */,
				2B189FDF1D21CF4800DA16D5 /* Main.storyboard in Resources */,
			);
			runOnlyForDeploymentPostprocessing = 0;
		};
		2B18A0381D25EADF00DA16D5 /* Resources */ = {
			isa = PBXResourcesBuildPhase;
			buildActionMask = 2147483647;
			files = (
				2B18A0401D25EAE000DA16D5 /* Assets.xcassets in Resources */,
				2B18A03E1D25EAE000DA16D5 /* Interface.storyboard in Resources */,
			);
			runOnlyForDeploymentPostprocessing = 0;
		};
		2B18A0441D25EAE000DA16D5 /* Resources */ = {
			isa = PBXResourcesBuildPhase;
			buildActionMask = 2147483647;
			files = (
				2B18A0501D25EAE000DA16D5 /* Assets.xcassets in Resources */,
			);
			runOnlyForDeploymentPostprocessing = 0;
		};
/* End PBXResourcesBuildPhase section */

/* Begin PBXShellScriptBuildPhase section */
		1CCF5DF714B09B41F6D7690A /* [CP] Copy Pods Resources */ = {
			isa = PBXShellScriptBuildPhase;
			buildActionMask = 2147483647;
			files = (
			);
			inputPaths = (
			);
			name = "[CP] Copy Pods Resources";
			outputPaths = (
			);
			runOnlyForDeploymentPostprocessing = 0;
			shellPath = /bin/sh;
			shellScript = "\"${SRCROOT}/Pods/Target Support Files/Pods-Ten Grand/Pods-Ten Grand-resources.sh\"\n";
			showEnvVarsInLog = 0;
		};
		37A784976FA9A166DCA2D297 /* [CP] Embed Pods Frameworks */ = {
			isa = PBXShellScriptBuildPhase;
			buildActionMask = 2147483647;
			files = (
			);
			inputPaths = (
			);
			name = "[CP] Embed Pods Frameworks";
			outputPaths = (
			);
			runOnlyForDeploymentPostprocessing = 0;
			shellPath = /bin/sh;
			shellScript = "\"${SRCROOT}/Pods/Target Support Files/Pods-Ten Grand/Pods-Ten Grand-frameworks.sh\"\n";
			showEnvVarsInLog = 0;
		};
		4865DC2687F271424822E237 /* [CP] Check Pods Manifest.lock */ = {
			isa = PBXShellScriptBuildPhase;
			buildActionMask = 2147483647;
			files = (
			);
			inputPaths = (
			);
			name = "[CP] Check Pods Manifest.lock";
			outputPaths = (
			);
			runOnlyForDeploymentPostprocessing = 0;
			shellPath = /bin/sh;
			shellScript = "diff \"${PODS_ROOT}/../Podfile.lock\" \"${PODS_ROOT}/Manifest.lock\" > /dev/null\nif [[ $? != 0 ]] ; then\n    cat << EOM\nerror: The sandbox is not in sync with the Podfile.lock. Run 'pod install' or update your CocoaPods installation.\nEOM\n    exit 1\nfi\n";
			showEnvVarsInLog = 0;
		};
/* End PBXShellScriptBuildPhase section */

/* Begin PBXSourcesBuildPhase section */
		2B189FD21D21CF4700DA16D5 /* Sources */ = {
			isa = PBXSourcesBuildPhase;
			buildActionMask = 2147483647;
			files = (
				2B18A0371D25B4E200DA16D5 /* AnimationEngine.swift in Sources */,
				2B18A02D1D23560200DA16D5 /* Constants.swift in Sources */,
				2B18A0311D25837500DA16D5 /* PopUpVC.swift in Sources */,
				2B18A0351D25A24300DA16D5 /* QuotesConstants.swift in Sources */,
				2B18A0251D23440C00DA16D5 /* CoreDataStack.swift in Sources */,
				2B18A0331D25A0B200DA16D5 /* QuotesClient.swift in Sources */,
				2B18A0071D21D61600DA16D5 /* Deposit.swift in Sources */,
				2B18A0151D2310D800DA16D5 /* CustomView.swift in Sources */,
				2B189FFA1D21D32300DA16D5 /* StoreVC.swift in Sources */,
				2B18A01B1D2330BB00DA16D5 /* InfoVC.swift in Sources */,
				2B18A0181D231FA900DA16D5 /* StoreItem+CoreDataProperties.swift in Sources */,
				2B18A0291D23457500DA16D5 /* LogCell.swift in Sources */,
				2B18A0231D2343AF00DA16D5 /* Account.swift in Sources */,
				2B18A02B1D23459000DA16D5 /* ItemCell.swift in Sources */,
				2B189FFE1D21D35800DA16D5 /* LogVC.swift in Sources */,
				2B189FFC1D21D34400DA16D5 /* StoreDetailVC.swift in Sources */,
				2B18A0271D23456500DA16D5 /* AccountCell.swift in Sources */,
				2B18A0191D231FA900DA16D5 /* StoreItem.swift in Sources */,
				2B189FF61D21D2BD00DA16D5 /* AddAccountVC.swift in Sources */,
				2B189FF41D21D20B00DA16D5 /* AccountsVC.swift in Sources */,
				2B18A0011D21D3CA00DA16D5 /* Model.xcdatamodeld in Sources */,
				2B189FF81D21D2F400DA16D5 /* AccountDetailVC.swift in Sources */,
				2B189FDC1D21CF4700DA16D5 /* HomeVC.swift in Sources */,
				2B189FDA1D21CF4700DA16D5 /* AppDelegate.swift in Sources */,
				2B18A0751D26BFD200DA16D5 /* Account+CoreDataProperties.swift in Sources */,
				2B18A0211D2343AF00DA16D5 /* Bank.swift in Sources */,
				2B18A0131D2306CC00DA16D5 /* CustomButton.swift in Sources */,
				2B18A02F1D24C81600DA16D5 /* Deposit+CoreDataProperties.swift in Sources */,
				2B18A0201D2343AF00DA16D5 /* Bank+CoreDataProperties.swift in Sources */,
			);
			runOnlyForDeploymentPostprocessing = 0;
		};
		2B18A0421D25EAE000DA16D5 /* Sources */ = {
			isa = PBXSourcesBuildPhase;
			buildActionMask = 2147483647;
			files = (
				2B18A0711D26BCAC00DA16D5 /* Account.swift in Sources */,
				2B18A04E1D25EAE000DA16D5 /* ExtensionDelegate.swift in Sources */,
				2B18A0641D260D6300DA16D5 /* AccountRowController.swift in Sources */,
				2B18A07A1D2712CF00DA16D5 /* SharingService.swift in Sources */,
				2B18A0761D26D18700DA16D5 /* Constants.swift in Sources */,
				2B18A0601D260CD600DA16D5 /* TimerIC.swift in Sources */,
				2B18A05E1D260CBE00DA16D5 /* AccountsIC.swift in Sources */,
			);
			runOnlyForDeploymentPostprocessing = 0;
		};
/* End PBXSourcesBuildPhase section */

/* Begin PBXTargetDependency section */
		2B18A0491D25EAE000DA16D5 /* PBXTargetDependency */ = {
			isa = PBXTargetDependency;
			target = 2B18A0451D25EAE000DA16D5 /* Watch Extension */;
			targetProxy = 2B18A0481D25EAE000DA16D5 /* PBXContainerItemProxy */;
		};
		2B18A0531D25EAE000DA16D5 /* PBXTargetDependency */ = {
			isa = PBXTargetDependency;
			target = 2B18A0391D25EADF00DA16D5 /* Watch */;
			targetProxy = 2B18A0521D25EAE000DA16D5 /* PBXContainerItemProxy */;
		};
/* End PBXTargetDependency section */

/* Begin PBXVariantGroup section */
		2B189FDD1D21CF4800DA16D5 /* Main.storyboard */ = {
			isa = PBXVariantGroup;
			children = (
				2B189FDE1D21CF4800DA16D5 /* Base */,
			);
			name = Main.storyboard;
			sourceTree = "<group>";
		};
		2B189FE21D21CF4800DA16D5 /* LaunchScreen.storyboard */ = {
			isa = PBXVariantGroup;
			children = (
				2B189FE31D21CF4800DA16D5 /* Base */,
			);
			name = LaunchScreen.storyboard;
			sourceTree = "<group>";
		};
		2B18A03C1D25EAE000DA16D5 /* Interface.storyboard */ = {
			isa = PBXVariantGroup;
			children = (
				2B18A03D1D25EAE000DA16D5 /* Base */,
			);
			name = Interface.storyboard;
			sourceTree = "<group>";
		};
/* End PBXVariantGroup section */

/* Begin XCBuildConfiguration section */
		2B189FE61D21CF4800DA16D5 /* Debug */ = {
			isa = XCBuildConfiguration;
			buildSettings = {
				ALWAYS_SEARCH_USER_PATHS = NO;
				CLANG_ANALYZER_NONNULL = YES;
				CLANG_CXX_LANGUAGE_STANDARD = "gnu++0x";
				CLANG_CXX_LIBRARY = "libc++";
				CLANG_ENABLE_MODULES = YES;
				CLANG_ENABLE_OBJC_ARC = YES;
				CLANG_WARN_BOOL_CONVERSION = YES;
				CLANG_WARN_CONSTANT_CONVERSION = YES;
				CLANG_WARN_DIRECT_OBJC_ISA_USAGE = YES_ERROR;
				CLANG_WARN_EMPTY_BODY = YES;
				CLANG_WARN_ENUM_CONVERSION = YES;
				CLANG_WARN_INT_CONVERSION = YES;
				CLANG_WARN_OBJC_ROOT_CLASS = YES_ERROR;
				CLANG_WARN_UNREACHABLE_CODE = YES;
				CLANG_WARN__DUPLICATE_METHOD_MATCH = YES;
				"CODE_SIGN_IDENTITY[sdk=iphoneos*]" = "iPhone Developer";
				COPY_PHASE_STRIP = NO;
				DEBUG_INFORMATION_FORMAT = dwarf;
				ENABLE_STRICT_OBJC_MSGSEND = YES;
				ENABLE_TESTABILITY = YES;
				GCC_C_LANGUAGE_STANDARD = gnu99;
				GCC_DYNAMIC_NO_PIC = NO;
				GCC_NO_COMMON_BLOCKS = YES;
				GCC_OPTIMIZATION_LEVEL = 0;
				GCC_PREPROCESSOR_DEFINITIONS = (
					"DEBUG=1",
					"$(inherited)",
				);
				GCC_WARN_64_TO_32_BIT_CONVERSION = YES;
				GCC_WARN_ABOUT_RETURN_TYPE = YES_ERROR;
				GCC_WARN_UNDECLARED_SELECTOR = YES;
				GCC_WARN_UNINITIALIZED_AUTOS = YES_AGGRESSIVE;
				GCC_WARN_UNUSED_FUNCTION = YES;
				GCC_WARN_UNUSED_VARIABLE = YES;
				IPHONEOS_DEPLOYMENT_TARGET = 9.3;
				MTL_ENABLE_DEBUG_INFO = YES;
				ONLY_ACTIVE_ARCH = YES;
				SDKROOT = iphoneos;
				SWIFT_OPTIMIZATION_LEVEL = "-Onone";
				TARGETED_DEVICE_FAMILY = "1,2";
			};
			name = Debug;
		};
		2B189FE71D21CF4800DA16D5 /* Release */ = {
			isa = XCBuildConfiguration;
			buildSettings = {
				ALWAYS_SEARCH_USER_PATHS = NO;
				CLANG_ANALYZER_NONNULL = YES;
				CLANG_CXX_LANGUAGE_STANDARD = "gnu++0x";
				CLANG_CXX_LIBRARY = "libc++";
				CLANG_ENABLE_MODULES = YES;
				CLANG_ENABLE_OBJC_ARC = YES;
				CLANG_WARN_BOOL_CONVERSION = YES;
				CLANG_WARN_CONSTANT_CONVERSION = YES;
				CLANG_WARN_DIRECT_OBJC_ISA_USAGE = YES_ERROR;
				CLANG_WARN_EMPTY_BODY = YES;
				CLANG_WARN_ENUM_CONVERSION = YES;
				CLANG_WARN_INT_CONVERSION = YES;
				CLANG_WARN_OBJC_ROOT_CLASS = YES_ERROR;
				CLANG_WARN_UNREACHABLE_CODE = YES;
				CLANG_WARN__DUPLICATE_METHOD_MATCH = YES;
				"CODE_SIGN_IDENTITY[sdk=iphoneos*]" = "iPhone Developer";
				COPY_PHASE_STRIP = NO;
				DEBUG_INFORMATION_FORMAT = "dwarf-with-dsym";
				ENABLE_NS_ASSERTIONS = NO;
				ENABLE_STRICT_OBJC_MSGSEND = YES;
				GCC_C_LANGUAGE_STANDARD = gnu99;
				GCC_NO_COMMON_BLOCKS = YES;
				GCC_WARN_64_TO_32_BIT_CONVERSION = YES;
				GCC_WARN_ABOUT_RETURN_TYPE = YES_ERROR;
				GCC_WARN_UNDECLARED_SELECTOR = YES;
				GCC_WARN_UNINITIALIZED_AUTOS = YES_AGGRESSIVE;
				GCC_WARN_UNUSED_FUNCTION = YES;
				GCC_WARN_UNUSED_VARIABLE = YES;
				IPHONEOS_DEPLOYMENT_TARGET = 9.3;
				MTL_ENABLE_DEBUG_INFO = NO;
				SDKROOT = iphoneos;
				TARGETED_DEVICE_FAMILY = "1,2";
				VALIDATE_PRODUCT = YES;
			};
			name = Release;
		};
		2B189FE91D21CF4800DA16D5 /* Debug */ = {
			isa = XCBuildConfiguration;
			baseConfigurationReference = AE25B7AD0D085831B6821D56 /* Pods-Ten Grand.debug.xcconfig */;
			buildSettings = {
				ASSETCATALOG_COMPILER_APPICON_NAME = AppIcon;
				INFOPLIST_FILE = "Ten Grand/Info.plist";
				LD_RUNPATH_SEARCH_PATHS = "$(inherited) @executable_path/Frameworks";
				PRODUCT_BUNDLE_IDENTIFIER = "com.jamesalandyer.Ten-Grand";
				PRODUCT_NAME = "$(TARGET_NAME)";
			};
			name = Debug;
		};
		2B189FEA1D21CF4800DA16D5 /* Release */ = {
			isa = XCBuildConfiguration;
			baseConfigurationReference = 6B9D0F8351DAA92A49661615 /* Pods-Ten Grand.release.xcconfig */;
			buildSettings = {
				ASSETCATALOG_COMPILER_APPICON_NAME = AppIcon;
				INFOPLIST_FILE = "Ten Grand/Info.plist";
				LD_RUNPATH_SEARCH_PATHS = "$(inherited) @executable_path/Frameworks";
				PRODUCT_BUNDLE_IDENTIFIER = "com.jamesalandyer.Ten-Grand";
				PRODUCT_NAME = "$(TARGET_NAME)";
			};
			name = Release;
		};
		2B18A0561D25EAE000DA16D5 /* Debug */ = {
			isa = XCBuildConfiguration;
			buildSettings = {
				CODE_SIGN_IDENTITY = "iPhone Developer";
				"CODE_SIGN_IDENTITY[sdk=watchos*]" = "iPhone Developer";
				INFOPLIST_FILE = "Watch Extension/Info.plist";
				LD_RUNPATH_SEARCH_PATHS = "$(inherited) @executable_path/Frameworks @executable_path/../../Frameworks";
				PRODUCT_BUNDLE_IDENTIFIER = "com.jamesalandyer.Ten-Grand.watchkitapp.watchkitextension";
				PRODUCT_NAME = "${TARGET_NAME}";
				PROVISIONING_PROFILE = "";
				SDKROOT = watchos;
				SKIP_INSTALL = YES;
				TARGETED_DEVICE_FAMILY = 4;
				WATCHOS_DEPLOYMENT_TARGET = 2.2;
			};
			name = Debug;
		};
		2B18A0571D25EAE000DA16D5 /* Release */ = {
			isa = XCBuildConfiguration;
			buildSettings = {
				CODE_SIGN_IDENTITY = "iPhone Developer";
				"CODE_SIGN_IDENTITY[sdk=watchos*]" = "iPhone Developer";
				INFOPLIST_FILE = "Watch Extension/Info.plist";
				LD_RUNPATH_SEARCH_PATHS = "$(inherited) @executable_path/Frameworks @executable_path/../../Frameworks";
				PRODUCT_BUNDLE_IDENTIFIER = "com.jamesalandyer.Ten-Grand.watchkitapp.watchkitextension";
				PRODUCT_NAME = "${TARGET_NAME}";
				PROVISIONING_PROFILE = "";
				SDKROOT = watchos;
				SKIP_INSTALL = YES;
				TARGETED_DEVICE_FAMILY = 4;
				WATCHOS_DEPLOYMENT_TARGET = 2.2;
			};
			name = Release;
		};
		2B18A05A1D25EAE000DA16D5 /* Debug */ = {
			isa = XCBuildConfiguration;
			buildSettings = {
				ASSETCATALOG_COMPILER_APPICON_NAME = AppIcon;
				EMBEDDED_CONTENT_CONTAINS_SWIFT = YES;
				IBSC_MODULE = Watch_Extension;
				INFOPLIST_FILE = Watch/Info.plist;
				PRODUCT_BUNDLE_IDENTIFIER = "com.jamesalandyer.Ten-Grand.watchkitapp";
				PRODUCT_NAME = "$(TARGET_NAME)";
				SDKROOT = watchos;
				SKIP_INSTALL = YES;
				TARGETED_DEVICE_FAMILY = 4;
				WATCHOS_DEPLOYMENT_TARGET = 2.2;
			};
			name = Debug;
		};
		2B18A05B1D25EAE000DA16D5 /* Release */ = {
			isa = XCBuildConfiguration;
			buildSettings = {
				ASSETCATALOG_COMPILER_APPICON_NAME = AppIcon;
				EMBEDDED_CONTENT_CONTAINS_SWIFT = YES;
				IBSC_MODULE = Watch_Extension;
				INFOPLIST_FILE = Watch/Info.plist;
				PRODUCT_BUNDLE_IDENTIFIER = "com.jamesalandyer.Ten-Grand.watchkitapp";
				PRODUCT_NAME = "$(TARGET_NAME)";
				SDKROOT = watchos;
				SKIP_INSTALL = YES;
				TARGETED_DEVICE_FAMILY = 4;
				WATCHOS_DEPLOYMENT_TARGET = 2.2;
			};
			name = Release;
		};
/* End XCBuildConfiguration section */

/* Begin XCConfigurationList section */
		2B189FD11D21CF4600DA16D5 /* Build configuration list for PBXProject "Ten Grand" */ = {
			isa = XCConfigurationList;
			buildConfigurations = (
				2B189FE61D21CF4800DA16D5 /* Debug */,
				2B189FE71D21CF4800DA16D5 /* Release */,
			);
			defaultConfigurationIsVisible = 0;
			defaultConfigurationName = Release;
		};
		2B189FE81D21CF4800DA16D5 /* Build configuration list for PBXNativeTarget "Ten Grand" */ = {
			isa = XCConfigurationList;
			buildConfigurations = (
				2B189FE91D21CF4800DA16D5 /* Debug */,
				2B189FEA1D21CF4800DA16D5 /* Release */,
			);
			defaultConfigurationIsVisible = 0;
			defaultConfigurationName = Release;
		};
		2B18A0551D25EAE000DA16D5 /* Build configuration list for PBXNativeTarget "Watch Extension" */ = {
			isa = XCConfigurationList;
			buildConfigurations = (
				2B18A0561D25EAE000DA16D5 /* Debug */,
				2B18A0571D25EAE000DA16D5 /* Release */,
			);
			defaultConfigurationIsVisible = 0;
		};
		2B18A0591D25EAE000DA16D5 /* Build configuration list for PBXNativeTarget "Watch" */ = {
			isa = XCConfigurationList;
			buildConfigurations = (
				2B18A05A1D25EAE000DA16D5 /* Debug */,
				2B18A05B1D25EAE000DA16D5 /* Release */,
			);
			defaultConfigurationIsVisible = 0;
		};
/* End XCConfigurationList section */

/* Begin XCVersionGroup section */
		2B189FFF1D21D3CA00DA16D5 /* Model.xcdatamodeld */ = {
			isa = XCVersionGroup;
			children = (
				2B18A0001D21D3CA00DA16D5 /* Model.xcdatamodel */,
			);
			currentVersion = 2B18A0001D21D3CA00DA16D5 /* Model.xcdatamodel */;
			path = Model.xcdatamodeld;
			sourceTree = "<group>";
			versionGroupType = wrapper.xcdatamodel;
		};
/* End XCVersionGroup section */
	};
	rootObject = 2B189FCE1D21CF4600DA16D5 /* Project object */;
}
